// !$*UTF8*$!
{
	archiveVersion = 1;
	classes = {
	};
	objectVersion = 51;
	objects = {

/* Begin PBXBuildFile section */
		3F13FF7D56906F5E43E57B01 /* Pods_CurrencyExchangerTests.framework in Frameworks */ = {isa = PBXBuildFile; fileRef = 3A20071FD861CC10B61C6A6B /* Pods_CurrencyExchangerTests.framework */; };
		85A2850CD712476B70CCD718 /* Pods_CurrencyExchanger.framework in Frameworks */ = {isa = PBXBuildFile; fileRef = 2F09589CFB9E6D62715D83A2 /* Pods_CurrencyExchanger.framework */; };
		F5896DE023C4764100143251 /* AppDelegate.swift in Sources */ = {isa = PBXBuildFile; fileRef = F5896DDF23C4764100143251 /* AppDelegate.swift */; };
		F5896DE223C4764100143251 /* SceneDelegate.swift in Sources */ = {isa = PBXBuildFile; fileRef = F5896DE123C4764100143251 /* SceneDelegate.swift */; };
		F5896DE423C4764100143251 /* ViewController.swift in Sources */ = {isa = PBXBuildFile; fileRef = F5896DE323C4764100143251 /* ViewController.swift */; };
		F5896DE723C4764100143251 /* Main.storyboard in Resources */ = {isa = PBXBuildFile; fileRef = F5896DE523C4764100143251 /* Main.storyboard */; };
		F5896DE923C4764200143251 /* Assets.xcassets in Resources */ = {isa = PBXBuildFile; fileRef = F5896DE823C4764200143251 /* Assets.xcassets */; };
		F5896DEC23C4764200143251 /* LaunchScreen.storyboard in Resources */ = {isa = PBXBuildFile; fileRef = F5896DEA23C4764200143251 /* LaunchScreen.storyboard */; };
		F5896DF723C4764200143251 /* CurrencyExchangerTests.swift in Sources */ = {isa = PBXBuildFile; fileRef = F5896DF623C4764200143251 /* CurrencyExchangerTests.swift */; };
		F5896E0223C4766C00143251 /* ExchangerView.swift in Sources */ = {isa = PBXBuildFile; fileRef = F5896E0123C4766C00143251 /* ExchangerView.swift */; };
		F5896E0423C4767200143251 /* ExchangerView.xib in Resources */ = {isa = PBXBuildFile; fileRef = F5896E0323C4767200143251 /* ExchangerView.xib */; };
		F5896E0623C47A4500143251 /* Extension.swift in Sources */ = {isa = PBXBuildFile; fileRef = F5896E0523C47A4500143251 /* Extension.swift */; };
		F5896E0A23C48A0A00143251 /* ViewController+Extension.swift in Sources */ = {isa = PBXBuildFile; fileRef = F5896E0923C48A0A00143251 /* ViewController+Extension.swift */; };
		F5896E0C23C4917400143251 /* CurrencyCVCell.swift in Sources */ = {isa = PBXBuildFile; fileRef = F5896E0B23C4917400143251 /* CurrencyCVCell.swift */; };
/* End PBXBuildFile section */

/* Begin PBXContainerItemProxy section */
		F5896DF323C4764200143251 /* PBXContainerItemProxy */ = {
			isa = PBXContainerItemProxy;
			containerPortal = F5896DD423C4764100143251 /* Project object */;
			proxyType = 1;
			remoteGlobalIDString = F5896DDB23C4764100143251;
			remoteInfo = CurrencyExchanger;
		};
/* End PBXContainerItemProxy section */

/* Begin PBXFileReference section */
		2F09589CFB9E6D62715D83A2 /* Pods_CurrencyExchanger.framework */ = {isa = PBXFileReference; explicitFileType = wrapper.framework; includeInIndex = 0; path = Pods_CurrencyExchanger.framework; sourceTree = BUILT_PRODUCTS_DIR; };
		3A20071FD861CC10B61C6A6B /* Pods_CurrencyExchangerTests.framework */ = {isa = PBXFileReference; explicitFileType = wrapper.framework; includeInIndex = 0; path = Pods_CurrencyExchangerTests.framework; sourceTree = BUILT_PRODUCTS_DIR; };
		581234793EFD3EEB6051A89F /* Pods-CurrencyExchanger.release.xcconfig */ = {isa = PBXFileReference; includeInIndex = 1; lastKnownFileType = text.xcconfig; name = "Pods-CurrencyExchanger.release.xcconfig"; path = "Target Support Files/Pods-CurrencyExchanger/Pods-CurrencyExchanger.release.xcconfig"; sourceTree = "<group>"; };
		80DCBBC80A690840EE1EC99B /* Pods-CurrencyExchanger.debug.xcconfig */ = {isa = PBXFileReference; includeInIndex = 1; lastKnownFileType = text.xcconfig; name = "Pods-CurrencyExchanger.debug.xcconfig"; path = "Target Support Files/Pods-CurrencyExchanger/Pods-CurrencyExchanger.debug.xcconfig"; sourceTree = "<group>"; };
		906133F50AEF9C02D36C743A /* Pods-CurrencyExchangerTests.release.xcconfig */ = {isa = PBXFileReference; includeInIndex = 1; lastKnownFileType = text.xcconfig; name = "Pods-CurrencyExchangerTests.release.xcconfig"; path = "Target Support Files/Pods-CurrencyExchangerTests/Pods-CurrencyExchangerTests.release.xcconfig"; sourceTree = "<group>"; };
		AD357F745D1893FE1E3F2D5A /* Pods-CurrencyExchangerTests.debug.xcconfig */ = {isa = PBXFileReference; includeInIndex = 1; lastKnownFileType = text.xcconfig; name = "Pods-CurrencyExchangerTests.debug.xcconfig"; path = "Target Support Files/Pods-CurrencyExchangerTests/Pods-CurrencyExchangerTests.debug.xcconfig"; sourceTree = "<group>"; };
		F5896DDC23C4764100143251 /* CurrencyExchanger.app */ = {isa = PBXFileReference; explicitFileType = wrapper.application; includeInIndex = 0; path = CurrencyExchanger.app; sourceTree = BUILT_PRODUCTS_DIR; };
		F5896DDF23C4764100143251 /* AppDelegate.swift */ = {isa = PBXFileReference; lastKnownFileType = sourcecode.swift; path = AppDelegate.swift; sourceTree = "<group>"; };
		F5896DE123C4764100143251 /* SceneDelegate.swift */ = {isa = PBXFileReference; lastKnownFileType = sourcecode.swift; path = SceneDelegate.swift; sourceTree = "<group>"; };
		F5896DE323C4764100143251 /* ViewController.swift */ = {isa = PBXFileReference; lastKnownFileType = sourcecode.swift; path = ViewController.swift; sourceTree = "<group>"; };
		F5896DE623C4764100143251 /* Base */ = {isa = PBXFileReference; lastKnownFileType = file.storyboard; name = Base; path = Base.lproj/Main.storyboard; sourceTree = "<group>"; };
		F5896DE823C4764200143251 /* Assets.xcassets */ = {isa = PBXFileReference; lastKnownFileType = folder.assetcatalog; path = Assets.xcassets; sourceTree = "<group>"; };
		F5896DEB23C4764200143251 /* Base */ = {isa = PBXFileReference; lastKnownFileType = file.storyboard; name = Base; path = Base.lproj/LaunchScreen.storyboard; sourceTree = "<group>"; };
		F5896DED23C4764200143251 /* Info.plist */ = {isa = PBXFileReference; lastKnownFileType = text.plist.xml; path = Info.plist; sourceTree = "<group>"; };
		F5896DF223C4764200143251 /* CurrencyExchangerTests.xctest */ = {isa = PBXFileReference; explicitFileType = wrapper.cfbundle; includeInIndex = 0; path = CurrencyExchangerTests.xctest; sourceTree = BUILT_PRODUCTS_DIR; };
		F5896DF623C4764200143251 /* CurrencyExchangerTests.swift */ = {isa = PBXFileReference; lastKnownFileType = sourcecode.swift; path = CurrencyExchangerTests.swift; sourceTree = "<group>"; };
		F5896DF823C4764200143251 /* Info.plist */ = {isa = PBXFileReference; lastKnownFileType = text.plist.xml; path = Info.plist; sourceTree = "<group>"; };
		F5896E0123C4766C00143251 /* ExchangerView.swift */ = {isa = PBXFileReference; lastKnownFileType = sourcecode.swift; path = ExchangerView.swift; sourceTree = "<group>"; };
		F5896E0323C4767200143251 /* ExchangerView.xib */ = {isa = PBXFileReference; lastKnownFileType = file.xib; path = ExchangerView.xib; sourceTree = "<group>"; };
		F5896E0523C47A4500143251 /* Extension.swift */ = {isa = PBXFileReference; lastKnownFileType = sourcecode.swift; path = Extension.swift; sourceTree = "<group>"; };
		F5896E0923C48A0A00143251 /* ViewController+Extension.swift */ = {isa = PBXFileReference; lastKnownFileType = sourcecode.swift; path = "ViewController+Extension.swift"; sourceTree = "<group>"; };
		F5896E0B23C4917400143251 /* CurrencyCVCell.swift */ = {isa = PBXFileReference; lastKnownFileType = sourcecode.swift; path = CurrencyCVCell.swift; sourceTree = "<group>"; };
/* End PBXFileReference section */

/* Begin PBXFrameworksBuildPhase section */
		F5896DD923C4764100143251 /* Frameworks */ = {
			isa = PBXFrameworksBuildPhase;
			buildActionMask = 2147483647;
			files = (
				85A2850CD712476B70CCD718 /* Pods_CurrencyExchanger.framework in Frameworks */,
			);
			runOnlyForDeploymentPostprocessing = 0;
		};
		F5896DEF23C4764200143251 /* Frameworks */ = {
			isa = PBXFrameworksBuildPhase;
			buildActionMask = 2147483647;
			files = (
				3F13FF7D56906F5E43E57B01 /* Pods_CurrencyExchangerTests.framework in Frameworks */,
			);
			runOnlyForDeploymentPostprocessing = 0;
		};
/* End PBXFrameworksBuildPhase section */

/* Begin PBXGroup section */
		855E5D7E8CF611A25F3B85BC /* Pods */ = {
			isa = PBXGroup;
			children = (
				80DCBBC80A690840EE1EC99B /* Pods-CurrencyExchanger.debug.xcconfig */,
				581234793EFD3EEB6051A89F /* Pods-CurrencyExchanger.release.xcconfig */,
				AD357F745D1893FE1E3F2D5A /* Pods-CurrencyExchangerTests.debug.xcconfig */,
				906133F50AEF9C02D36C743A /* Pods-CurrencyExchangerTests.release.xcconfig */,
			);
			path = Pods;
			sourceTree = "<group>";
		};
		F5896DD323C4764100143251 = {
			isa = PBXGroup;
			children = (
				F5896DDE23C4764100143251 /* CurrencyExchanger */,
				F5896DF523C4764200143251 /* CurrencyExchangerTests */,
				F5896DDD23C4764100143251 /* Products */,
				855E5D7E8CF611A25F3B85BC /* Pods */,
				FC27CB2CE4F791D04FCD66D8 /* Frameworks */,
			);
			sourceTree = "<group>";
		};
		F5896DDD23C4764100143251 /* Products */ = {
			isa = PBXGroup;
			children = (
				F5896DDC23C4764100143251 /* CurrencyExchanger.app */,
				F5896DF223C4764200143251 /* CurrencyExchangerTests.xctest */,
			);
			name = Products;
			sourceTree = "<group>";
		};
		F5896DDE23C4764100143251 /* CurrencyExchanger */ = {
			isa = PBXGroup;
			children = (
				F5896DDF23C4764100143251 /* AppDelegate.swift */,
				F5896DE123C4764100143251 /* SceneDelegate.swift */,
				F5896DE323C4764100143251 /* ViewController.swift */,
				F5896E0B23C4917400143251 /* CurrencyCVCell.swift */,
				F5896E0923C48A0A00143251 /* ViewController+Extension.swift */,
				F5896E0723C47A4D00143251 /* ExchangerView */,
				F5896E0823C47A5600143251 /* Helper */,
				F5896DE523C4764100143251 /* Main.storyboard */,
				F5896DE823C4764200143251 /* Assets.xcassets */,
				F5896DEA23C4764200143251 /* LaunchScreen.storyboard */,
				F5896DED23C4764200143251 /* Info.plist */,
			);
			path = CurrencyExchanger;
			sourceTree = "<group>";
		};
		F5896DF523C4764200143251 /* CurrencyExchangerTests */ = {
			isa = PBXGroup;
			children = (
				F5896DF623C4764200143251 /* CurrencyExchangerTests.swift */,
				F5896DF823C4764200143251 /* Info.plist */,
			);
			path = CurrencyExchangerTests;
			sourceTree = "<group>";
		};
		F5896E0723C47A4D00143251 /* ExchangerView */ = {
			isa = PBXGroup;
			children = (
				F5896E0123C4766C00143251 /* ExchangerView.swift */,
				F5896E0323C4767200143251 /* ExchangerView.xib */,
			);
			path = ExchangerView;
			sourceTree = "<group>";
		};
		F5896E0823C47A5600143251 /* Helper */ = {
			isa = PBXGroup;
			children = (
				F5896E0523C47A4500143251 /* Extension.swift */,
			);
			path = Helper;
			sourceTree = "<group>";
		};
		FC27CB2CE4F791D04FCD66D8 /* Frameworks */ = {
			isa = PBXGroup;
			children = (
				2F09589CFB9E6D62715D83A2 /* Pods_CurrencyExchanger.framework */,
				3A20071FD861CC10B61C6A6B /* Pods_CurrencyExchangerTests.framework */,
			);
			name = Frameworks;
			sourceTree = "<group>";
		};
/* End PBXGroup section */

/* Begin PBXNativeTarget section */
		F5896DDB23C4764100143251 /* CurrencyExchanger */ = {
			isa = PBXNativeTarget;
			buildConfigurationList = F5896DFB23C4764200143251 /* Build configuration list for PBXNativeTarget "CurrencyExchanger" */;
			buildPhases = (
				395A939AF2EAC4D6C761F2B5 /* [CP] Check Pods Manifest.lock */,
				F5896DD823C4764100143251 /* Sources */,
				F5896DD923C4764100143251 /* Frameworks */,
				F5896DDA23C4764100143251 /* Resources */,
				CF86A2D87E07F53B2D738524 /* [CP] Embed Pods Frameworks */,
			);
			buildRules = (
			);
			dependencies = (
			);
			name = CurrencyExchanger;
			productName = CurrencyExchanger;
			productReference = F5896DDC23C4764100143251 /* CurrencyExchanger.app */;
			productType = "com.apple.product-type.application";
		};
		F5896DF123C4764200143251 /* CurrencyExchangerTests */ = {
			isa = PBXNativeTarget;
			buildConfigurationList = F5896DFE23C4764200143251 /* Build configuration list for PBXNativeTarget "CurrencyExchangerTests" */;
			buildPhases = (
				E5596BE6CD6D9EBFBAD91899 /* [CP] Check Pods Manifest.lock */,
				F5896DEE23C4764200143251 /* Sources */,
				F5896DEF23C4764200143251 /* Frameworks */,
				F5896DF023C4764200143251 /* Resources */,
			);
			buildRules = (
			);
			dependencies = (
				F5896DF423C4764200143251 /* PBXTargetDependency */,
			);
			name = CurrencyExchangerTests;
			productName = CurrencyExchangerTests;
			productReference = F5896DF223C4764200143251 /* CurrencyExchangerTests.xctest */;
			productType = "com.apple.product-type.bundle.unit-test";
		};
/* End PBXNativeTarget section */

/* Begin PBXProject section */
		F5896DD423C4764100143251 /* Project object */ = {
			isa = PBXProject;
			attributes = {
				LastSwiftUpdateCheck = 1120;
				LastUpgradeCheck = 1120;
				ORGANIZATIONNAME = "Neil Francis Hipona";
				TargetAttributes = {
					F5896DDB23C4764100143251 = {
						CreatedOnToolsVersion = 11.2.1;
					};
					F5896DF123C4764200143251 = {
						CreatedOnToolsVersion = 11.2.1;
						TestTargetID = F5896DDB23C4764100143251;
					};
				};
			};
			buildConfigurationList = F5896DD723C4764100143251 /* Build configuration list for PBXProject "CurrencyExchanger" */;
			compatibilityVersion = "Xcode 9.3";
			developmentRegion = en;
			hasScannedForEncodings = 0;
			knownRegions = (
				en,
				Base,
			);
			mainGroup = F5896DD323C4764100143251;
			productRefGroup = F5896DDD23C4764100143251 /* Products */;
			projectDirPath = "";
			projectRoot = "";
			targets = (
				F5896DDB23C4764100143251 /* CurrencyExchanger */,
				F5896DF123C4764200143251 /* CurrencyExchangerTests */,
			);
		};
/* End PBXProject section */

/* Begin PBXResourcesBuildPhase section */
		F5896DDA23C4764100143251 /* Resources */ = {
			isa = PBXResourcesBuildPhase;
			buildActionMask = 2147483647;
			files = (
				F5896DEC23C4764200143251 /* LaunchScreen.storyboard in Resources */,
				F5896DE923C4764200143251 /* Assets.xcassets in Resources */,
				F5896E0423C4767200143251 /* ExchangerView.xib in Resources */,
				F5896DE723C4764100143251 /* Main.storyboard in Resources */,
			);
			runOnlyForDeploymentPostprocessing = 0;
		};
		F5896DF023C4764200143251 /* Resources */ = {
			isa = PBXResourcesBuildPhase;
			buildActionMask = 2147483647;
			files = (
			);
			runOnlyForDeploymentPostprocessing = 0;
		};
/* End PBXResourcesBuildPhase section */

/* Begin PBXShellScriptBuildPhase section */
		395A939AF2EAC4D6C761F2B5 /* [CP] Check Pods Manifest.lock */ = {
			isa = PBXShellScriptBuildPhase;
			buildActionMask = 2147483647;
			files = (
			);
			inputFileListPaths = (
			);
			inputPaths = (
				"${PODS_PODFILE_DIR_PATH}/Podfile.lock",
				"${PODS_ROOT}/Manifest.lock",
			);
			name = "[CP] Check Pods Manifest.lock";
			outputFileListPaths = (
			);
			outputPaths = (
				"$(DERIVED_FILE_DIR)/Pods-CurrencyExchanger-checkManifestLockResult.txt",
			);
			runOnlyForDeploymentPostprocessing = 0;
			shellPath = /bin/sh;
			shellScript = "diff \"${PODS_PODFILE_DIR_PATH}/Podfile.lock\" \"${PODS_ROOT}/Manifest.lock\" > /dev/null\nif [ $? != 0 ] ; then\n    # print error to STDERR\n    echo \"error: The sandbox is not in sync with the Podfile.lock. Run 'pod install' or update your CocoaPods installation.\" >&2\n    exit 1\nfi\n# This output is used by Xcode 'outputs' to avoid re-running this script phase.\necho \"SUCCESS\" > \"${SCRIPT_OUTPUT_FILE_0}\"\n";
			showEnvVarsInLog = 0;
		};
		CF86A2D87E07F53B2D738524 /* [CP] Embed Pods Frameworks */ = {
			isa = PBXShellScriptBuildPhase;
			buildActionMask = 2147483647;
			files = (
			);
			inputFileListPaths = (
				"${PODS_ROOT}/Target Support Files/Pods-CurrencyExchanger/Pods-CurrencyExchanger-frameworks-${CONFIGURATION}-input-files.xcfilelist",
			);
			name = "[CP] Embed Pods Frameworks";
			outputFileListPaths = (
				"${PODS_ROOT}/Target Support Files/Pods-CurrencyExchanger/Pods-CurrencyExchanger-frameworks-${CONFIGURATION}-output-files.xcfilelist",
			);
			runOnlyForDeploymentPostprocessing = 0;
			shellPath = /bin/sh;
			shellScript = "\"${PODS_ROOT}/Target Support Files/Pods-CurrencyExchanger/Pods-CurrencyExchanger-frameworks.sh\"\n";
			showEnvVarsInLog = 0;
		};
		E5596BE6CD6D9EBFBAD91899 /* [CP] Check Pods Manifest.lock */ = {
			isa = PBXShellScriptBuildPhase;
			buildActionMask = 2147483647;
			files = (
			);
			inputFileListPaths = (
			);
			inputPaths = (
				"${PODS_PODFILE_DIR_PATH}/Podfile.lock",
				"${PODS_ROOT}/Manifest.lock",
			);
			name = "[CP] Check Pods Manifest.lock";
			outputFileListPaths = (
			);
			outputPaths = (
				"$(DERIVED_FILE_DIR)/Pods-CurrencyExchangerTests-checkManifestLockResult.txt",
			);
			runOnlyForDeploymentPostprocessing = 0;
			shellPath = /bin/sh;
			shellScript = "diff \"${PODS_PODFILE_DIR_PATH}/Podfile.lock\" \"${PODS_ROOT}/Manifest.lock\" > /dev/null\nif [ $? != 0 ] ; then\n    # print error to STDERR\n    echo \"error: The sandbox is not in sync with the Podfile.lock. Run 'pod install' or update your CocoaPods installation.\" >&2\n    exit 1\nfi\n# This output is used by Xcode 'outputs' to avoid re-running this script phase.\necho \"SUCCESS\" > \"${SCRIPT_OUTPUT_FILE_0}\"\n";
			showEnvVarsInLog = 0;
		};
/* End PBXShellScriptBuildPhase section */

/* Begin PBXSourcesBuildPhase section */
		F5896DD823C4764100143251 /* Sources */ = {
			isa = PBXSourcesBuildPhase;
			buildActionMask = 2147483647;
			files = (
				F5896DE423C4764100143251 /* ViewController.swift in Sources */,
				F5896DE023C4764100143251 /* AppDelegate.swift in Sources */,
				F5896E0A23C48A0A00143251 /* ViewController+Extension.swift in Sources */,
				F5896E0623C47A4500143251 /* Extension.swift in Sources */,
				F5896E0223C4766C00143251 /* ExchangerView.swift in Sources */,
				F5896E0C23C4917400143251 /* CurrencyCVCell.swift in Sources */,
				F5896DE223C4764100143251 /* SceneDelegate.swift in Sources */,
			);
			runOnlyForDeploymentPostprocessing = 0;
		};
		F5896DEE23C4764200143251 /* Sources */ = {
			isa = PBXSourcesBuildPhase;
			buildActionMask = 2147483647;
			files = (
				F5896DF723C4764200143251 /* CurrencyExchangerTests.swift in Sources */,
			);
			runOnlyForDeploymentPostprocessing = 0;
		};
/* End PBXSourcesBuildPhase section */

/* Begin PBXTargetDependency section */
		F5896DF423C4764200143251 /* PBXTargetDependency */ = {
			isa = PBXTargetDependency;
			target = F5896DDB23C4764100143251 /* CurrencyExchanger */;
			targetProxy = F5896DF323C4764200143251 /* PBXContainerItemProxy */;
		};
/* End PBXTargetDependency section */

/* Begin PBXVariantGroup section */
		F5896DE523C4764100143251 /* Main.storyboard */ = {
			isa = PBXVariantGroup;
			children = (
				F5896DE623C4764100143251 /* Base */,
			);
			name = Main.storyboard;
			sourceTree = "<group>";
		};
		F5896DEA23C4764200143251 /* LaunchScreen.storyboard */ = {
			isa = PBXVariantGroup;
			children = (
				F5896DEB23C4764200143251 /* Base */,
			);
			name = LaunchScreen.storyboard;
			sourceTree = "<group>";
		};
/* End PBXVariantGroup section */

/* Begin XCBuildConfiguration section */
		F5896DF923C4764200143251 /* Debug */ = {
			isa = XCBuildConfiguration;
			buildSettings = {
				ALWAYS_SEARCH_USER_PATHS = NO;
				CLANG_ANALYZER_NONNULL = YES;
				CLANG_ANALYZER_NUMBER_OBJECT_CONVERSION = YES_AGGRESSIVE;
				CLANG_CXX_LANGUAGE_STANDARD = "gnu++14";
				CLANG_CXX_LIBRARY = "libc++";
				CLANG_ENABLE_MODULES = YES;
				CLANG_ENABLE_OBJC_ARC = YES;
				CLANG_ENABLE_OBJC_WEAK = YES;
				CLANG_WARN_BLOCK_CAPTURE_AUTORELEASING = YES;
				CLANG_WARN_BOOL_CONVERSION = YES;
				CLANG_WARN_COMMA = YES;
				CLANG_WARN_CONSTANT_CONVERSION = YES;
				CLANG_WARN_DEPRECATED_OBJC_IMPLEMENTATIONS = YES;
				CLANG_WARN_DIRECT_OBJC_ISA_USAGE = YES_ERROR;
				CLANG_WARN_DOCUMENTATION_COMMENTS = YES;
				CLANG_WARN_EMPTY_BODY = YES;
				CLANG_WARN_ENUM_CONVERSION = YES;
				CLANG_WARN_INFINITE_RECURSION = YES;
				CLANG_WARN_INT_CONVERSION = YES;
				CLANG_WARN_NON_LITERAL_NULL_CONVERSION = YES;
				CLANG_WARN_OBJC_IMPLICIT_RETAIN_SELF = YES;
				CLANG_WARN_OBJC_LITERAL_CONVERSION = YES;
				CLANG_WARN_OBJC_ROOT_CLASS = YES_ERROR;
				CLANG_WARN_RANGE_LOOP_ANALYSIS = YES;
				CLANG_WARN_STRICT_PROTOTYPES = YES;
				CLANG_WARN_SUSPICIOUS_MOVE = YES;
				CLANG_WARN_UNGUARDED_AVAILABILITY = YES_AGGRESSIVE;
				CLANG_WARN_UNREACHABLE_CODE = YES;
				CLANG_WARN__DUPLICATE_METHOD_MATCH = YES;
				COPY_PHASE_STRIP = NO;
				DEBUG_INFORMATION_FORMAT = dwarf;
				ENABLE_STRICT_OBJC_MSGSEND = YES;
				ENABLE_TESTABILITY = YES;
				GCC_C_LANGUAGE_STANDARD = gnu11;
				GCC_DYNAMIC_NO_PIC = NO;
				GCC_NO_COMMON_BLOCKS = YES;
				GCC_OPTIMIZATION_LEVEL = 0;
				GCC_PREPROCESSOR_DEFINITIONS = (
					"DEBUG=1",
					"$(inherited)",
				);
				GCC_WARN_64_TO_32_BIT_CONVERSION = YES;
				GCC_WARN_ABOUT_RETURN_TYPE = YES_ERROR;
				GCC_WARN_UNDECLARED_SELECTOR = YES;
				GCC_WARN_UNINITIALIZED_AUTOS = YES_AGGRESSIVE;
				GCC_WARN_UNUSED_FUNCTION = YES;
				GCC_WARN_UNUSED_VARIABLE = YES;
				IPHONEOS_DEPLOYMENT_TARGET = 13.2;
				MTL_ENABLE_DEBUG_INFO = INCLUDE_SOURCE;
				MTL_FAST_MATH = YES;
				ONLY_ACTIVE_ARCH = YES;
				SDKROOT = iphoneos;
				SWIFT_ACTIVE_COMPILATION_CONDITIONS = DEBUG;
				SWIFT_OPTIMIZATION_LEVEL = "-Onone";
			};
			name = Debug;
		};
		F5896DFA23C4764200143251 /* Release */ = {
			isa = XCBuildConfiguration;
			buildSettings = {
				ALWAYS_SEARCH_USER_PATHS = NO;
				CLANG_ANALYZER_NONNULL = YES;
				CLANG_ANALYZER_NUMBER_OBJECT_CONVERSION = YES_AGGRESSIVE;
				CLANG_CXX_LANGUAGE_STANDARD = "gnu++14";
				CLANG_CXX_LIBRARY = "libc++";
				CLANG_ENABLE_MODULES = YES;
				CLANG_ENABLE_OBJC_ARC = YES;
				CLANG_ENABLE_OBJC_WEAK = YES;
				CLANG_WARN_BLOCK_CAPTURE_AUTORELEASING = YES;
				CLANG_WARN_BOOL_CONVERSION = YES;
				CLANG_WARN_COMMA = YES;
				CLANG_WARN_CONSTANT_CONVERSION = YES;
				CLANG_WARN_DEPRECATED_OBJC_IMPLEMENTATIONS = YES;
				CLANG_WARN_DIRECT_OBJC_ISA_USAGE = YES_ERROR;
				CLANG_WARN_DOCUMENTATION_COMMENTS = YES;
				CLANG_WARN_EMPTY_BODY = YES;
				CLANG_WARN_ENUM_CONVERSION = YES;
				CLANG_WARN_INFINITE_RECURSION = YES;
				CLANG_WARN_INT_CONVERSION = YES;
				CLANG_WARN_NON_LITERAL_NULL_CONVERSION = YES;
				CLANG_WARN_OBJC_IMPLICIT_RETAIN_SELF = YES;
				CLANG_WARN_OBJC_LITERAL_CONVERSION = YES;
				CLANG_WARN_OBJC_ROOT_CLASS = YES_ERROR;
				CLANG_WARN_RANGE_LOOP_ANALYSIS = YES;
				CLANG_WARN_STRICT_PROTOTYPES = YES;
				CLANG_WARN_SUSPICIOUS_MOVE = YES;
				CLANG_WARN_UNGUARDED_AVAILABILITY = YES_AGGRESSIVE;
				CLANG_WARN_UNREACHABLE_CODE = YES;
				CLANG_WARN__DUPLICATE_METHOD_MATCH = YES;
				COPY_PHASE_STRIP = NO;
				DEBUG_INFORMATION_FORMAT = "dwarf-with-dsym";
				ENABLE_NS_ASSERTIONS = NO;
				ENABLE_STRICT_OBJC_MSGSEND = YES;
				GCC_C_LANGUAGE_STANDARD = gnu11;
				GCC_NO_COMMON_BLOCKS = YES;
				GCC_WARN_64_TO_32_BIT_CONVERSION = YES;
				GCC_WARN_ABOUT_RETURN_TYPE = YES_ERROR;
				GCC_WARN_UNDECLARED_SELECTOR = YES;
				GCC_WARN_UNINITIALIZED_AUTOS = YES_AGGRESSIVE;
				GCC_WARN_UNUSED_FUNCTION = YES;
				GCC_WARN_UNUSED_VARIABLE = YES;
				IPHONEOS_DEPLOYMENT_TARGET = 13.2;
				MTL_ENABLE_DEBUG_INFO = NO;
				MTL_FAST_MATH = YES;
				SDKROOT = iphoneos;
				SWIFT_COMPILATION_MODE = wholemodule;
				SWIFT_OPTIMIZATION_LEVEL = "-O";
				VALIDATE_PRODUCT = YES;
			};
			name = Release;
		};
		F5896DFC23C4764200143251 /* Debug */ = {
			isa = XCBuildConfiguration;
			baseConfigurationReference = 80DCBBC80A690840EE1EC99B /* Pods-CurrencyExchanger.debug.xcconfig */;
			buildSettings = {
				ASSETCATALOG_COMPILER_APPICON_NAME = AppIcon;
				CODE_SIGN_STYLE = Automatic;
				DEVELOPMENT_TEAM = RKF34AM7UT;
				INFOPLIST_FILE = CurrencyExchanger/Info.plist;
				LD_RUNPATH_SEARCH_PATHS = (
					"$(inherited)",
					"@executable_path/Frameworks",
				);
				PRODUCT_BUNDLE_IDENTIFIER = NFerocious.CurrencyExchanger;
				PRODUCT_NAME = "$(TARGET_NAME)";
				SWIFT_VERSION = 5.0;
				TARGETED_DEVICE_FAMILY = "1,2";
			};
			name = Debug;
		};
		F5896DFD23C4764200143251 /* Release */ = {
			isa = XCBuildConfiguration;
			baseConfigurationReference = 581234793EFD3EEB6051A89F /* Pods-CurrencyExchanger.release.xcconfig */;
			buildSettings = {
				ASSETCATALOG_COMPILER_APPICON_NAME = AppIcon;
				CODE_SIGN_STYLE = Automatic;
				DEVELOPMENT_TEAM = RKF34AM7UT;
				INFOPLIST_FILE = CurrencyExchanger/Info.plist;
				LD_RUNPATH_SEARCH_PATHS = (
					"$(inherited)",
					"@executable_path/Frameworks",
				);
				PRODUCT_BUNDLE_IDENTIFIER = NFerocious.CurrencyExchanger;
				PRODUCT_NAME = "$(TARGET_NAME)";
				SWIFT_VERSION = 5.0;
				TARGETED_DEVICE_FAMILY = "1,2";
			};
			name = Release;
		};
		F5896DFF23C4764200143251 /* Debug */ = {
			isa = XCBuildConfiguration;
			baseConfigurationReference = AD357F745D1893FE1E3F2D5A /* Pods-CurrencyExchangerTests.debug.xcconfig */;
			buildSettings = {
				ALWAYS_EMBED_SWIFT_STANDARD_LIBRARIES = YES;
				BUNDLE_LOADER = "$(TEST_HOST)";
				CODE_SIGN_STYLE = Automatic;
				DEVELOPMENT_TEAM = RKF34AM7UT;
				INFOPLIST_FILE = CurrencyExchangerTests/Info.plist;
				IPHONEOS_DEPLOYMENT_TARGET = 13.2;
				LD_RUNPATH_SEARCH_PATHS = (
					"$(inherited)",
					"@executable_path/Frameworks",
					"@loader_path/Frameworks",
				);
				PRODUCT_BUNDLE_IDENTIFIER = NFerocious.CurrencyExchangerTests;
				PRODUCT_NAME = "$(TARGET_NAME)";
				SWIFT_VERSION = 5.0;
				TARGETED_DEVICE_FAMILY = "1,2";
				TEST_HOST = "$(BUILT_PRODUCTS_DIR)/CurrencyExchanger.app/CurrencyExchanger";
			};
			name = Debug;
		};
		F5896E0023C4764200143251 /* Release */ = {
			isa = XCBuildConfiguration;
			baseConfigurationReference = 906133F50AEF9C02D36C743A /* Pods-CurrencyExchangerTests.release.xcconfig */;
			buildSettings = {
				ALWAYS_EMBED_SWIFT_STANDARD_LIBRARIES = YES;
				BUNDLE_LOADER = "$(TEST_HOST)";
				CODE_SIGN_STYLE = Automatic;
				DEVELOPMENT_TEAM = RKF34AM7UT;
				INFOPLIST_FILE = CurrencyExchangerTests/Info.plist;
				IPHONEOS_DEPLOYMENT_TARGET = 13.2;
				LD_RUNPATH_SEARCH_PATHS = (
					"$(inherited)",
					"@executable_path/Frameworks",
					"@loader_path/Frameworks",
				);
				PRODUCT_BUNDLE_IDENTIFIER = NFerocious.CurrencyExchangerTests;
				PRODUCT_NAME = "$(TARGET_NAME)";
				SWIFT_VERSION = 5.0;
				TARGETED_DEVICE_FAMILY = "1,2";
				TEST_HOST = "$(BUILT_PRODUCTS_DIR)/CurrencyExchanger.app/CurrencyExchanger";
			};
			name = Release;
		};
/* End XCBuildConfiguration section */

/* Begin XCConfigurationList section */
		F5896DD723C4764100143251 /* Build configuration list for PBXProject "CurrencyExchanger" */ = {
			isa = XCConfigurationList;
			buildConfigurations = (
				F5896DF923C4764200143251 /* Debug */,
				F5896DFA23C4764200143251 /* Release */,
			);
			defaultConfigurationIsVisible = 0;
			defaultConfigurationName = Release;
		};
		F5896DFB23C4764200143251 /* Build configuration list for PBXNativeTarget "CurrencyExchanger" */ = {
			isa = XCConfigurationList;
			buildConfigurations = (
				F5896DFC23C4764200143251 /* Debug */,
				F5896DFD23C4764200143251 /* Release */,
			);
			defaultConfigurationIsVisible = 0;
			defaultConfigurationName = Release;
		};
		F5896DFE23C4764200143251 /* Build configuration list for PBXNativeTarget "CurrencyExchangerTests" */ = {
			isa = XCConfigurationList;
			buildConfigurations = (
				F5896DFF23C4764200143251 /* Debug */,
				F5896E0023C4764200143251 /* Release */,
			);
			defaultConfigurationIsVisible = 0;
			defaultConfigurationName = Release;
		};
/* End XCConfigurationList section */
	};
	rootObject = F5896DD423C4764100143251 /* Project object */;
}
